
Microsoft Visual Studio Solution File, Format Version 12.00
# Visual Studio Version 17
VisualStudioVersion = 17.9.34728.123
MinimumVisualStudioVersion = 10.0.40219.1
Project("{FAE04EC0-301F-11D3-BF4B-00C04F79EFBC}") = "EmailExchange", "EmailExchange\EmailExchange.csproj", "{436344B2-9A4B-4B75-9D73-C063AB37A609}"
EndProject
Global
	GlobalSection(SolutionConfigurationPlatforms) = preSolution
		Debug|Any CPU = Debug|Any CPU
		Release|Any CPU = Release|Any CPU
	EndGlobalSection
	GlobalSection(ProjectConfigurationPlatforms) = postSolution
		{436344B2-9A4B-4B75-9D73-C063AB37A609}.Debug|Any CPU.ActiveCfg = Debug|Any CPU
		{436344B2-9A4B-4B75-9D73-C063AB37A609}.Debug|Any CPU.Build.0 = Debug|Any CPU
		{436344B2-9A4B-4B75-9D73-C063AB37A609}.Release|Any CPU.ActiveCfg = Release|Any CPU
		{436344B2-9A4B-4B75-9D73-C063AB37A609}.Release|Any CPU.Build.0 = Release|Any CPU
	EndGlobalSection
	GlobalSection(SolutionProperties) = preSolution
		HideSolutionNode = FALSE
	EndGlobalSection
	GlobalSection(ExtensibilityGlobals) = postSolution
		SolutionGuid = {412EC5E0-5565-400C-863C-44D5F70332D8}
	EndGlobalSection
EndGlobal
